
Microsoft Visual Studio Solution File, Format Version 12.00
# Visual Studio Version 17
VisualStudioVersion = 17.8.34309.116
MinimumVisualStudioVersion = 10.0.40219.1
Project("{FAE04EC0-301F-11D3-BF4B-00C04F79EFBC}") = "Trabalho-POO", "Trabalho-POO\Trabalho-POO.csproj", "{7379143E-E5F9-43BC-B1D1-11D3BBEF4A1E}"
EndProject
Global
	GlobalSection(SolutionConfigurationPlatforms) = preSolution
		Debug|Any CPU = Debug|Any CPU
		Release|Any CPU = Release|Any CPU
	EndGlobalSection
	GlobalSection(ProjectConfigurationPlatforms) = postSolution
		{7379143E-E5F9-43BC-B1D1-11D3BBEF4A1E}.Debug|Any CPU.ActiveCfg = Debug|Any CPU
		{7379143E-E5F9-43BC-B1D1-11D3BBEF4A1E}.Debug|Any CPU.Build.0 = Debug|Any CPU
		{7379143E-E5F9-43BC-B1D1-11D3BBEF4A1E}.Release|Any CPU.ActiveCfg = Release|Any CPU
		{7379143E-E5F9-43BC-B1D1-11D3BBEF4A1E}.Release|Any CPU.Build.0 = Release|Any CPU
	EndGlobalSection
	GlobalSection(SolutionProperties) = preSolution
		HideSolutionNode = FALSE
	EndGlobalSection
	GlobalSection(ExtensibilityGlobals) = postSolution
		SolutionGuid = {842972D2-FAF6-4D65-A4AB-D1C70848C840}
	EndGlobalSection
EndGlobal
